
Microsoft Visual Studio Solution File, Format Version 12.00
# Visual Studio Version 16
VisualStudioVersion = 16.0.29418.71
MinimumVisualStudioVersion = 10.0.40219.1
Project("{FAE04EC0-301F-11D3-BF4B-00C04F79EFBC}") = "readXML", "VRPacsUpdateKQHsoft\readXML.csproj", "{D728F133-E9FB-4982-900F-E95C3328CB4F}"
EndProject
Global
	GlobalSection(SolutionConfigurationPlatforms) = preSolution
		Debug|Any CPU = Debug|Any CPU
		Release|Any CPU = Release|Any CPU
	EndGlobalSection
	GlobalSection(ProjectConfigurationPlatforms) = postSolution
		{D728F133-E9FB-4982-900F-E95C3328CB4F}.Debug|Any CPU.ActiveCfg = Debug|Any CPU
		{D728F133-E9FB-4982-900F-E95C3328CB4F}.Debug|Any CPU.Build.0 = Debug|Any CPU
		{D728F133-E9FB-4982-900F-E95C3328CB4F}.Release|Any CPU.ActiveCfg = Release|Any CPU
		{D728F133-E9FB-4982-900F-E95C3328CB4F}.Release|Any CPU.Build.0 = Release|Any CPU
	EndGlobalSection
	GlobalSection(SolutionProperties) = preSolution
		HideSolutionNode = FALSE
	EndGlobalSection
	GlobalSection(ExtensibilityGlobals) = postSolution
		SolutionGuid = {E80F0094-05A2-4CF2-A697-D76E9BCC3C9F}
	EndGlobalSection
EndGlobal
